
Microsoft Visual Studio Solution File, Format Version 11.00
# Visual Studio 2010
Project("{FAE04EC0-301F-11D3-BF4B-00C04F79EFBC}") = "wmtouch_trigger", "wmtouch_trigger\wmtouch_trigger.csproj", "{0BE6DBCF-1D80-47FA-907E-1FF51D7963A1}"
EndProject
Project("{FAE04EC0-301F-11D3-BF4B-00C04F79EFBC}") = "Windows7.Multitouch.WinForms", "Windows7.Multitouch.WinForms\Windows7.Multitouch.WinForms.csproj", "{3D2707FF-380A-4F25-A9EB-51A626E3DEA4}"
EndProject
Project("{FAE04EC0-301F-11D3-BF4B-00C04F79EFBC}") = "Windows7.Multitouch", "Windows7.Multitouch\Windows7.Multitouch.csproj", "{BA3201ED-9FDD-44E5-AA16-5A14526BB908}"
EndProject
Global
	GlobalSection(SolutionConfigurationPlatforms) = preSolution
		Debug|Any CPU = Debug|Any CPU
		Debug|Mixed Platforms = Debug|Mixed Platforms
		Debug|x86 = Debug|x86
		Release|Any CPU = Release|Any CPU
		Release|Mixed Platforms = Release|Mixed Platforms
		Release|x86 = Release|x86
	EndGlobalSection
	GlobalSection(ProjectConfigurationPlatforms) = postSolution
		{0BE6DBCF-1D80-47FA-907E-1FF51D7963A1}.Debug|Any CPU.ActiveCfg = Debug|x86
		{0BE6DBCF-1D80-47FA-907E-1FF51D7963A1}.Debug|Mixed Platforms.ActiveCfg = Debug|x86
		{0BE6DBCF-1D80-47FA-907E-1FF51D7963A1}.Debug|Mixed Platforms.Build.0 = Debug|x86
		{0BE6DBCF-1D80-47FA-907E-1FF51D7963A1}.Debug|x86.ActiveCfg = Debug|x86
		{0BE6DBCF-1D80-47FA-907E-1FF51D7963A1}.Debug|x86.Build.0 = Debug|x86
		{0BE6DBCF-1D80-47FA-907E-1FF51D7963A1}.Release|Any CPU.ActiveCfg = Release|x86
		{0BE6DBCF-1D80-47FA-907E-1FF51D7963A1}.Release|Mixed Platforms.ActiveCfg = Release|x86
		{0BE6DBCF-1D80-47FA-907E-1FF51D7963A1}.Release|Mixed Platforms.Build.0 = Release|x86
		{0BE6DBCF-1D80-47FA-907E-1FF51D7963A1}.Release|x86.ActiveCfg = Release|x86
		{0BE6DBCF-1D80-47FA-907E-1FF51D7963A1}.Release|x86.Build.0 = Release|x86
		{3D2707FF-380A-4F25-A9EB-51A626E3DEA4}.Debug|Any CPU.ActiveCfg = Debug|Any CPU
		{3D2707FF-380A-4F25-A9EB-51A626E3DEA4}.Debug|Any CPU.Build.0 = Debug|Any CPU
		{3D2707FF-380A-4F25-A9EB-51A626E3DEA4}.Debug|Mixed Platforms.ActiveCfg = Debug|Any CPU
		{3D2707FF-380A-4F25-A9EB-51A626E3DEA4}.Debug|Mixed Platforms.Build.0 = Debug|Any CPU
		{3D2707FF-380A-4F25-A9EB-51A626E3DEA4}.Debug|x86.ActiveCfg = Debug|Any CPU
		{3D2707FF-380A-4F25-A9EB-51A626E3DEA4}.Release|Any CPU.ActiveCfg = Release|Any CPU
		{3D2707FF-380A-4F25-A9EB-51A626E3DEA4}.Release|Any CPU.Build.0 = Release|Any CPU
		{3D2707FF-380A-4F25-A9EB-51A626E3DEA4}.Release|Mixed Platforms.ActiveCfg = Release|Any CPU
		{3D2707FF-380A-4F25-A9EB-51A626E3DEA4}.Release|Mixed Platforms.Build.0 = Release|Any CPU
		{3D2707FF-380A-4F25-A9EB-51A626E3DEA4}.Release|x86.ActiveCfg = Release|Any CPU
		{BA3201ED-9FDD-44E5-AA16-5A14526BB908}.Debug|Any CPU.ActiveCfg = Debug|Any CPU
		{BA3201ED-9FDD-44E5-AA16-5A14526BB908}.Debug|Any CPU.Build.0 = Debug|Any CPU
		{BA3201ED-9FDD-44E5-AA16-5A14526BB908}.Debug|Mixed Platforms.ActiveCfg = Debug|Any CPU
		{BA3201ED-9FDD-44E5-AA16-5A14526BB908}.Debug|Mixed Platforms.Build.0 = Debug|Any CPU
		{BA3201ED-9FDD-44E5-AA16-5A14526BB908}.Debug|x86.ActiveCfg = Debug|Any CPU
		{BA3201ED-9FDD-44E5-AA16-5A14526BB908}.Release|Any CPU.ActiveCfg = Release|Any CPU
		{BA3201ED-9FDD-44E5-AA16-5A14526BB908}.Release|Any CPU.Build.0 = Release|Any CPU
		{BA3201ED-9FDD-44E5-AA16-5A14526BB908}.Release|Mixed Platforms.ActiveCfg = Release|Any CPU
		{BA3201ED-9FDD-44E5-AA16-5A14526BB908}.Release|Mixed Platforms.Build.0 = Release|Any CPU
		{BA3201ED-9FDD-44E5-AA16-5A14526BB908}.Release|x86.ActiveCfg = Release|Any CPU
	EndGlobalSection
	GlobalSection(SolutionProperties) = preSolution
		HideSolutionNode = FALSE
	EndGlobalSection
EndGlobal
